
Microsoft Visual Studio Solution File, Format Version 12.00
# Visual Studio Version 17
VisualStudioVersion = 17.0.31903.59
MinimumVisualStudioVersion = 10.0.40219.1
Project("{FAE04EC0-301F-11D3-BF4B-00C04F79EFBC}") = "LibUpdater", "LibUpdater\LibUpdater.csproj", "{7A5B05B9-4735-4F0C-B040-79C5C42AD893}"
EndProject
Project("{FAE04EC0-301F-11D3-BF4B-00C04F79EFBC}") = "LibUpdater.Tests", "LibUpdater.Tests\LibUpdater.Tests.csproj", "{870F73E7-6DE2-4F66-8488-DE2AFC30DD32}"
EndProject
Project("{FAE04EC0-301F-11D3-BF4B-00C04F79EFBC}") = "AppUpdater", "AppUpdater\AppUpdater.csproj", "{A17F053E-EA62-44CE-BE8C-2718FA38C08F}"
EndProject
Global
	GlobalSection(SolutionConfigurationPlatforms) = preSolution
		Debug|Any CPU = Debug|Any CPU
		Release|Any CPU = Release|Any CPU
	EndGlobalSection
	GlobalSection(SolutionProperties) = preSolution
		HideSolutionNode = FALSE
	EndGlobalSection
	GlobalSection(ProjectConfigurationPlatforms) = postSolution
		{7A5B05B9-4735-4F0C-B040-79C5C42AD893}.Debug|Any CPU.ActiveCfg = Debug|Any CPU
		{7A5B05B9-4735-4F0C-B040-79C5C42AD893}.Debug|Any CPU.Build.0 = Debug|Any CPU
		{7A5B05B9-4735-4F0C-B040-79C5C42AD893}.Release|Any CPU.ActiveCfg = Release|Any CPU
		{7A5B05B9-4735-4F0C-B040-79C5C42AD893}.Release|Any CPU.Build.0 = Release|Any CPU
		{870F73E7-6DE2-4F66-8488-DE2AFC30DD32}.Debug|Any CPU.ActiveCfg = Debug|Any CPU
		{870F73E7-6DE2-4F66-8488-DE2AFC30DD32}.Debug|Any CPU.Build.0 = Debug|Any CPU
		{870F73E7-6DE2-4F66-8488-DE2AFC30DD32}.Release|Any CPU.ActiveCfg = Release|Any CPU
		{870F73E7-6DE2-4F66-8488-DE2AFC30DD32}.Release|Any CPU.Build.0 = Release|Any CPU
		{A17F053E-EA62-44CE-BE8C-2718FA38C08F}.Debug|Any CPU.ActiveCfg = Debug|Any CPU
		{A17F053E-EA62-44CE-BE8C-2718FA38C08F}.Debug|Any CPU.Build.0 = Debug|Any CPU
		{A17F053E-EA62-44CE-BE8C-2718FA38C08F}.Release|Any CPU.ActiveCfg = Release|Any CPU
		{A17F053E-EA62-44CE-BE8C-2718FA38C08F}.Release|Any CPU.Build.0 = Release|Any CPU
	EndGlobalSection
EndGlobal
